
Microsoft Visual Studio Solution File, Format Version 12.00
# Visual Studio Version 17
VisualStudioVersion = 17.7.34024.191
MinimumVisualStudioVersion = 10.0.40219.1
Project("{FAE04EC0-301F-11D3-BF4B-00C04F79EFBC}") = "тест", "тест\тест.csproj", "{3D637CA8-200D-4AD0-B32B-11058A700F02}"
EndProject
Global
	GlobalSection(SolutionConfigurationPlatforms) = preSolution
		Debug|Any CPU = Debug|Any CPU
		Release|Any CPU = Release|Any CPU
	EndGlobalSection
	GlobalSection(ProjectConfigurationPlatforms) = postSolution
		{3D637CA8-200D-4AD0-B32B-11058A700F02}.Debug|Any CPU.ActiveCfg = Debug|Any CPU
		{3D637CA8-200D-4AD0-B32B-11058A700F02}.Debug|Any CPU.Build.0 = Debug|Any CPU
		{3D637CA8-200D-4AD0-B32B-11058A700F02}.Release|Any CPU.ActiveCfg = Release|Any CPU
		{3D637CA8-200D-4AD0-B32B-11058A700F02}.Release|Any CPU.Build.0 = Release|Any CPU
	EndGlobalSection
	GlobalSection(SolutionProperties) = preSolution
		HideSolutionNode = FALSE
	EndGlobalSection
	GlobalSection(ExtensibilityGlobals) = postSolution
		SolutionGuid = {B225A7B0-2333-411A-B189-B1942FF46F8D}
	EndGlobalSection
EndGlobal
